
Microsoft Visual Studio Solution File, Format Version 12.00
# Visual Studio Version 17
VisualStudioVersion = 17.5.33414.496
MinimumVisualStudioVersion = 10.0.40219.1
Project("{FAE04EC0-301F-11D3-BF4B-00C04F79EFBC}") = "SundialWeb", "SundialWeb\SundialWeb.csproj", "{05734AE7-ECB4-46CD-9036-3744A6012ED5}"
EndProject
Global
	GlobalSection(SolutionConfigurationPlatforms) = preSolution
		Debug|Any CPU = Debug|Any CPU
		Release|Any CPU = Release|Any CPU
	EndGlobalSection
	GlobalSection(ProjectConfigurationPlatforms) = postSolution
		{05734AE7-ECB4-46CD-9036-3744A6012ED5}.Debug|Any CPU.ActiveCfg = Debug|Any CPU
		{05734AE7-ECB4-46CD-9036-3744A6012ED5}.Debug|Any CPU.Build.0 = Debug|Any CPU
		{05734AE7-ECB4-46CD-9036-3744A6012ED5}.Release|Any CPU.ActiveCfg = Release|Any CPU
		{05734AE7-ECB4-46CD-9036-3744A6012ED5}.Release|Any CPU.Build.0 = Release|Any CPU
	EndGlobalSection
	GlobalSection(SolutionProperties) = preSolution
		HideSolutionNode = FALSE
	EndGlobalSection
	GlobalSection(ExtensibilityGlobals) = postSolution
		SolutionGuid = {59E960D0-2A59-4C87-A8F0-875023B3107E}
	EndGlobalSection
EndGlobal
